{
  "name": "arcgis-json-to-geojson",
  "version": "0.1.0",
  "lockfileVersion": 1,
  "requires": true,
  "dependencies": {
    "@esri/arcgis-to-geojson-utils": {
      "version": "1.0.4",
      "resolved": "https://registry.npmjs.org/@esri/arcgis-to-geojson-utils/-/arcgis-to-geojson-utils-1.0.4.tgz",
      "integrity": "sha512-+8qR95frMscZNn2sK/1v8vmwgviu2JERAs9rNUNzsZpP2jZymKij1l13YA5qxo1wVsKJ/7k6dBT32tcw8+Ei+w=="
    }
  }
}
